# This file is automatically @generated by Cargo.
# It is not intended for manual editing.
version = 3

[[package]]
name = "ansi_term"
version = "0.11.0"
source = "registry+https://github.com/rust-lang/crates.io-index"
checksum = "ee49baf6cb617b853aa8d93bf420db2383fab46d314482ca2803b40d5fde979b"
dependencies = [
 "winapi",
]

[[package]]
name = "arrayvec"
version = "0.4.10"
source = "registry+https://github.com/rust-lang/crates.io-index"
checksum = "92c7fb76bc8826a8b33b4ee5bb07a247a81e76764ab4d55e8f73e3a4d8808c71"
dependencies = [
 "nodrop",
]

[[package]]
name = "atty"
version = "0.2.11"
source = "registry+https://github.com/rust-lang/crates.io-index"
checksum = "9a7d5b8723950951411ee34d271d99dddcc2035a16ab25310ea2c8cfd4369652"
dependencies = [
 "libc",
 "termion",
 "winapi",
]

[[package]]
name = "bitflags"
version = "1.0.4"
source = "registry+https://github.com/rust-lang/crates.io-index"
checksum = "228047a76f468627ca71776ecdebd732a3423081fcf5125585bcd7c49886ce12"

[[package]]
name = "cfg-if"
version = "0.1.7"
source = "registry+https://github.com/rust-lang/crates.io-index"
checksum = "11d43355396e872eefb45ce6342e4374ed7bc2b3a502d1b28e36d6e23c05d1f4"

[[package]]
name = "clap"
version = "2.33.0"
source = "registry+https://github.com/rust-lang/crates.io-index"
checksum = "5067f5bb2d80ef5d68b4c87db81601f0b75bca627bc2ef76b141d7b846a3c6d9"
dependencies = [
 "ansi_term",
 "atty",
 "bitflags",
 "strsim",
 "textwrap",
 "unicode-width",
 "vec_map",
]

[[package]]
name = "crossbeam-deque"
version = "0.2.0"
source = "registry+https://github.com/rust-lang/crates.io-index"
checksum = "f739f8c5363aca78cfb059edf753d8f0d36908c348f3d8d1503f03d8b75d9cf3"
dependencies = [
 "crossbeam-epoch",
 "crossbeam-utils",
]

[[package]]
name = "crossbeam-epoch"
version = "0.3.1"
source = "registry+https://github.com/rust-lang/crates.io-index"
checksum = "927121f5407de9956180ff5e936fe3cf4324279280001cd56b669d28ee7e9150"
dependencies = [
 "arrayvec",
 "cfg-if",
 "crossbeam-utils",
 "lazy_static",
 "memoffset",
 "nodrop",
 "scopeguard",
]

[[package]]
name = "crossbeam-utils"
version = "0.2.2"
source = "registry+https://github.com/rust-lang/crates.io-index"
checksum = "2760899e32a1d58d5abb31129f8fae5de75220bc2176e77ff7c627ae45c918d9"
dependencies = [
 "cfg-if",
]

[[package]]
name = "dirstat-rs"
version = "0.3.4"
dependencies = [
 "atty",
 "pretty-bytes",
 "rayon",
 "serde",
 "serde_json",
 "structopt",
 "termcolor",
 "winapi",
 "winapi-util",
]

[[package]]
name = "either"
version = "1.5.2"
source = "registry+https://github.com/rust-lang/crates.io-index"
checksum = "5527cfe0d098f36e3f8839852688e63c8fff1c90b2b405aef730615f9a7bcf7b"

[[package]]
name = "getopts"
version = "0.2.19"
source = "registry+https://github.com/rust-lang/crates.io-index"
checksum = "72327b15c228bfe31f1390f93dd5e9279587f0463836393c9df719ce62a3e450"
dependencies = [
 "unicode-width",
]

[[package]]
name = "heck"
version = "0.3.1"
source = "registry+https://github.com/rust-lang/crates.io-index"
checksum = "20564e78d53d2bb135c343b3f47714a56af2061f1c928fdb541dc7b9fdd94205"
dependencies = [
 "unicode-segmentation",
]

[[package]]
name = "itoa"
version = "0.4.4"
source = "registry+https://github.com/rust-lang/crates.io-index"
checksum = "501266b7edd0174f8530248f87f99c88fbe60ca4ef3dd486835b8d8d53136f7f"

[[package]]
name = "lazy_static"
version = "1.3.0"
source = "registry+https://github.com/rust-lang/crates.io-index"
checksum = "bc5729f27f159ddd61f4df6228e827e86643d4d3e7c32183cb30a1c08f604a14"

[[package]]
name = "libc"
version = "0.2.54"
source = "registry+https://github.com/rust-lang/crates.io-index"
checksum = "c6785aa7dd976f5fbf3b71cfd9cd49d7f783c1ff565a858d71031c6c313aa5c6"

[[package]]
name = "memoffset"
version = "0.2.1"
source = "registry+https://github.com/rust-lang/crates.io-index"
checksum = "0f9dc261e2b62d7a622bf416ea3c5245cdd5d9a7fcc428c0d06804dfce1775b3"

[[package]]
name = "nodrop"
version = "0.1.13"
source = "registry+https://github.com/rust-lang/crates.io-index"
checksum = "2f9667ddcc6cc8a43afc9b7917599d7216aa09c463919ea32c59ed6cac8bc945"

[[package]]
name = "num_cpus"
version = "1.10.0"
source = "registry+https://github.com/rust-lang/crates.io-index"
checksum = "1a23f0ed30a54abaa0c7e83b1d2d87ada7c3c23078d1d87815af3e3b6385fbba"
dependencies = [
 "libc",
]

[[package]]
name = "numtoa"
version = "0.1.0"
source = "registry+https://github.com/rust-lang/crates.io-index"
checksum = "b8f8bdf33df195859076e54ab11ee78a1b208382d3a26ec40d142ffc1ecc49ef"

[[package]]
name = "pretty-bytes"
version = "0.2.2"
source = "registry+https://github.com/rust-lang/crates.io-index"
checksum = "009d6edd2c1dbf2e1c0cd48a2f7766e03498d49ada7109a01c6911815c685316"
dependencies = [
 "atty",
 "getopts",
]

[[package]]
name = "proc-macro2"
version = "0.4.30"
source = "registry+https://github.com/rust-lang/crates.io-index"
checksum = "cf3d2011ab5c909338f7887f4fc896d35932e29146c12c8d01da6b22a80ba759"
dependencies = [
 "unicode-xid",
]

[[package]]
name = "quote"
version = "0.6.12"
source = "registry+https://github.com/rust-lang/crates.io-index"
checksum = "faf4799c5d274f3868a4aae320a0a182cbd2baee377b378f080e16a23e9d80db"
dependencies = [
 "proc-macro2",
]

[[package]]
name = "rayon"
version = "1.0.3"
source = "registry+https://github.com/rust-lang/crates.io-index"
checksum = "373814f27745b2686b350dd261bfd24576a6fb0e2c5919b3a2b6005f820b0473"
dependencies = [
 "crossbeam-deque",
 "either",
 "rayon-core",
]

[[package]]
name = "rayon-core"
version = "1.4.1"
source = "registry+https://github.com/rust-lang/crates.io-index"
checksum = "b055d1e92aba6877574d8fe604a63c8b5df60f60e5982bf7ccbb1338ea527356"
dependencies = [
 "crossbeam-deque",
 "lazy_static",
 "libc",
 "num_cpus",
]

[[package]]
name = "redox_syscall"
version = "0.1.54"
source = "registry+https://github.com/rust-lang/crates.io-index"
checksum = "12229c14a0f65c4f1cb046a3b52047cdd9da1f4b30f8a39c5063c8bae515e252"

[[package]]
name = "redox_termios"
version = "0.1.1"
source = "registry+https://github.com/rust-lang/crates.io-index"
checksum = "7e891cfe48e9100a70a3b6eb652fef28920c117d366339687bd5576160db0f76"
dependencies = [
 "redox_syscall",
]

[[package]]
name = "ryu"
version = "0.2.8"
source = "registry+https://github.com/rust-lang/crates.io-index"
checksum = "b96a9549dc8d48f2c283938303c4b5a77aa29bfbc5b54b084fb1630408899a8f"

[[package]]
name = "scopeguard"
version = "0.3.3"
source = "registry+https://github.com/rust-lang/crates.io-index"
checksum = "94258f53601af11e6a49f722422f6e3425c52b06245a5cf9bc09908b174f5e27"

[[package]]
name = "serde"
version = "1.0.91"
source = "registry+https://github.com/rust-lang/crates.io-index"
checksum = "a72e9b96fa45ce22a4bc23da3858dfccfd60acd28a25bcd328a98fdd6bea43fd"
dependencies = [
 "serde_derive",
]

[[package]]
name = "serde_derive"
version = "1.0.91"
source = "registry+https://github.com/rust-lang/crates.io-index"
checksum = "101b495b109a3e3ca8c4cbe44cf62391527cdfb6ba15821c5ce80bcd5ea23f9f"
dependencies = [
 "proc-macro2",
 "quote",
 "syn",
]

[[package]]
name = "serde_json"
version = "1.0.39"
source = "registry+https://github.com/rust-lang/crates.io-index"
checksum = "5a23aa71d4a4d43fdbfaac00eff68ba8a06a51759a89ac3304323e800c4dd40d"
dependencies = [
 "itoa",
 "ryu",
 "serde",
]

[[package]]
name = "strsim"
version = "0.8.0"
source = "registry+https://github.com/rust-lang/crates.io-index"
checksum = "8ea5119cdb4c55b55d432abb513a0429384878c15dde60cc77b1c99de1a95a6a"

[[package]]
name = "structopt"
version = "0.2.15"
source = "registry+https://github.com/rust-lang/crates.io-index"
checksum = "3d0760c312538987d363c36c42339b55f5ee176ea8808bbe4543d484a291c8d1"
dependencies = [
 "clap",
 "structopt-derive",
]

[[package]]
name = "structopt-derive"
version = "0.2.15"
source = "registry+https://github.com/rust-lang/crates.io-index"
checksum = "528aeb7351d042e6ffbc2a6fb76a86f9b622fdf7c25932798e7a82cb03bc94c6"
dependencies = [
 "heck",
 "proc-macro2",
 "quote",
 "syn",
]

[[package]]
name = "syn"
version = "0.15.34"
source = "registry+https://github.com/rust-lang/crates.io-index"
checksum = "a1393e4a97a19c01e900df2aec855a29f71cf02c402e2f443b8d2747c25c5dbe"
dependencies = [
 "proc-macro2",
 "quote",
 "unicode-xid",
]

[[package]]
name = "termcolor"
version = "1.0.4"
source = "registry+https://github.com/rust-lang/crates.io-index"
checksum = "4096add70612622289f2fdcdbd5086dc81c1e2675e6ae58d6c4f62a16c6d7f2f"
dependencies = [
 "wincolor",
]

[[package]]
name = "termion"
version = "1.5.2"
source = "registry+https://github.com/rust-lang/crates.io-index"
checksum = "dde0593aeb8d47accea5392b39350015b5eccb12c0d98044d856983d89548dea"
dependencies = [
 "libc",
 "numtoa",
 "redox_syscall",
 "redox_termios",
]

[[package]]
name = "textwrap"
version = "0.11.0"
source = "registry+https://github.com/rust-lang/crates.io-index"
checksum = "d326610f408c7a4eb6f51c37c330e496b08506c9457c9d34287ecc38809fb060"
dependencies = [
 "unicode-width",
]

[[package]]
name = "unicode-segmentation"
version = "1.2.1"
source = "registry+https://github.com/rust-lang/crates.io-index"
checksum = "aa6024fc12ddfd1c6dbc14a80fa2324d4568849869b779f6bd37e5e4c03344d1"

[[package]]
name = "unicode-width"
version = "0.1.5"
source = "registry+https://github.com/rust-lang/crates.io-index"
checksum = "882386231c45df4700b275c7ff55b6f3698780a650026380e72dabe76fa46526"

[[package]]
name = "unicode-xid"
version = "0.1.0"
source = "registry+https://github.com/rust-lang/crates.io-index"
checksum = "fc72304796d0818e357ead4e000d19c9c174ab23dc11093ac919054d20a6a7fc"

[[package]]
name = "vec_map"
version = "0.8.1"
source = "registry+https://github.com/rust-lang/crates.io-index"
checksum = "05c78687fb1a80548ae3250346c3db86a80a7cdd77bda190189f2d0a0987c81a"

[[package]]
name = "winapi"
version = "0.3.7"
source = "registry+https://github.com/rust-lang/crates.io-index"
checksum = "f10e386af2b13e47c89e7236a7a14a086791a2b88ebad6df9bf42040195cf770"
dependencies = [
 "winapi-i686-pc-windows-gnu",
 "winapi-x86_64-pc-windows-gnu",
]

[[package]]
name = "winapi-i686-pc-windows-gnu"
version = "0.4.0"
source = "registry+https://github.com/rust-lang/crates.io-index"
checksum = "ac3b87c63620426dd9b991e5ce0329eff545bccbbb34f3be09ff6fb6ab51b7b6"

[[package]]
name = "winapi-util"
version = "0.1.2"
source = "registry+https://github.com/rust-lang/crates.io-index"
checksum = "7168bab6e1daee33b4557efd0e95d5ca70a03706d39fa5f3fe7a236f584b03c9"
dependencies = [
 "winapi",
]

[[package]]
name = "winapi-x86_64-pc-windows-gnu"
version = "0.4.0"
source = "registry+https://github.com/rust-lang/crates.io-index"
checksum = "712e227841d057c1ee1cd2fb22fa7e5a5461ae8e48fa2ca79ec42cfc1931183f"

[[package]]
name = "wincolor"
version = "1.0.1"
source = "registry+https://github.com/rust-lang/crates.io-index"
checksum = "561ed901ae465d6185fa7864d63fbd5720d0ef718366c9a4dc83cf6170d7e9ba"
dependencies = [
 "winapi",
 "winapi-util",
]
